// !$*UTF8*$!
{
	archiveVersion = 1;
	classes = {
	};
	objectVersion = 56;
	objects = {

/* Begin PBXBuildFile section */
		1204CA632B5EF60000EF2629 /* ProductVM.swift in Sources */ = {isa = PBXBuildFile; fileRef = 1204CA622B5EF60000EF2629 /* ProductVM.swift */; };
		1207F5A82B074265008307A4 /* GoogleService-Info.plist in Resources */ = {isa = PBXBuildFile; fileRef = 1207F5A72B074265008307A4 /* GoogleService-Info.plist */; };
		1207F5AA2B075306008307A4 /* FirebaseUserListener.swift in Sources */ = {isa = PBXBuildFile; fileRef = 1207F5A92B075306008307A4 /* FirebaseUserListener.swift */; };
		1207F5AC2B075350008307A4 /* User.swift in Sources */ = {isa = PBXBuildFile; fileRef = 1207F5AB2B075350008307A4 /* User.swift */; };
		1207F5AE2B075377008307A4 /* Constants.swift in Sources */ = {isa = PBXBuildFile; fileRef = 1207F5AD2B075377008307A4 /* Constants.swift */; };
		1207F5B02B075398008307A4 /* Extensions.swift in Sources */ = {isa = PBXBuildFile; fileRef = 1207F5AF2B075398008307A4 /* Extensions.swift */; };
		1207F5B22B0753DC008307A4 /* FCollectionReference.swift in Sources */ = {isa = PBXBuildFile; fileRef = 1207F5B12B0753DC008307A4 /* FCollectionReference.swift */; };
		1207F5B82B07587C008307A4 /* CompanyVM.swift in Sources */ = {isa = PBXBuildFile; fileRef = 1207F5B72B07587C008307A4 /* CompanyVM.swift */; };
		1207F5BB2B078730008307A4 /* CompanyTableViewController.swift in Sources */ = {isa = PBXBuildFile; fileRef = 1207F5BA2B078730008307A4 /* CompanyTableViewController.swift */; };
		1207F5BD2B078754008307A4 /* CompanyTableViewCell.swift in Sources */ = {isa = PBXBuildFile; fileRef = 1207F5BC2B078754008307A4 /* CompanyTableViewCell.swift */; };
		1207F5C02B07877D008307A4 /* SettingsTableViewController.swift in Sources */ = {isa = PBXBuildFile; fileRef = 1207F5BF2B07877D008307A4 /* SettingsTableViewController.swift */; };
		1207F5C62B0790E6008307A4 /* WebService.swift in Sources */ = {isa = PBXBuildFile; fileRef = 1207F5C52B0790E6008307A4 /* WebService.swift */; };
		12514A552B56B6D8005406D8 /* AddCompanyViewController.swift in Sources */ = {isa = PBXBuildFile; fileRef = 12514A542B56B6D8005406D8 /* AddCompanyViewController.swift */; };
		12514A572B56B701005406D8 /* AddAddressViewController.swift in Sources */ = {isa = PBXBuildFile; fileRef = 12514A562B56B701005406D8 /* AddAddressViewController.swift */; };
		12514A592B56B727005406D8 /* AddBankViewController.swift in Sources */ = {isa = PBXBuildFile; fileRef = 12514A582B56B727005406D8 /* AddBankViewController.swift */; };
		12514A5B2B570BA3005406D8 /* CompanyDetailViewController.swift in Sources */ = {isa = PBXBuildFile; fileRef = 12514A5A2B570BA3005406D8 /* CompanyDetailViewController.swift */; };
		12514A5D2B570BD4005406D8 /* UpdateCompanyViewController.swift in Sources */ = {isa = PBXBuildFile; fileRef = 12514A5C2B570BD4005406D8 /* UpdateCompanyViewController.swift */; };
		12514A5F2B570BF7005406D8 /* UpdateAddressViewController.swift in Sources */ = {isa = PBXBuildFile; fileRef = 12514A5E2B570BF7005406D8 /* UpdateAddressViewController.swift */; };
		12514A612B570C03005406D8 /* UpdateBankViewController.swift in Sources */ = {isa = PBXBuildFile; fileRef = 12514A602B570C03005406D8 /* UpdateBankViewController.swift */; };
		12514A632B57D3E7005406D8 /* CompanyBank.swift in Sources */ = {isa = PBXBuildFile; fileRef = 12514A622B57D3E7005406D8 /* CompanyBank.swift */; };
		12514A652B57DF20005406D8 /* Province.swift in Sources */ = {isa = PBXBuildFile; fileRef = 12514A642B57DF20005406D8 /* Province.swift */; };
		12514A672B57DFA1005406D8 /* ProvinceVM.swift in Sources */ = {isa = PBXBuildFile; fileRef = 12514A662B57DFA1005406D8 /* ProvinceVM.swift */; };
		125839E72B5EA36500C33BD2 /* UpdateProductViewController.swift in Sources */ = {isa = PBXBuildFile; fileRef = 125839E62B5EA36500C33BD2 /* UpdateProductViewController.swift */; };
		126209782B66DE0900B4C5CA /* Sale.swift in Sources */ = {isa = PBXBuildFile; fileRef = 126209772B66DE0900B4C5CA /* Sale.swift */; };
		1262097A2B66E0EA00B4C5CA /* SalesTableViewCell.swift in Sources */ = {isa = PBXBuildFile; fileRef = 126209792B66E0EA00B4C5CA /* SalesTableViewCell.swift */; };
		1262097C2B66E12B00B4C5CA /* SalesTableViewController.swift in Sources */ = {isa = PBXBuildFile; fileRef = 1262097B2B66E12B00B4C5CA /* SalesTableViewController.swift */; };
		1262097E2B66E18800B4C5CA /* AddSalesViewController.swift in Sources */ = {isa = PBXBuildFile; fileRef = 1262097D2B66E18800B4C5CA /* AddSalesViewController.swift */; };
		126209802B66E19B00B4C5CA /* UpdateSalesViewController.swift in Sources */ = {isa = PBXBuildFile; fileRef = 1262097F2B66E19B00B4C5CA /* UpdateSalesViewController.swift */; };
		129747B32B6B8D0A00C26D37 /* ShoppingViewController.swift in Sources */ = {isa = PBXBuildFile; fileRef = 129747B22B6B8D0A00C26D37 /* ShoppingViewController.swift */; };
		129814102B6784D6000EDF11 /* SaleVM.swift in Sources */ = {isa = PBXBuildFile; fileRef = 1298140F2B6784D6000EDF11 /* SaleVM.swift */; };
		12C04CD42B617EC800003515 /* Buy.swift in Sources */ = {isa = PBXBuildFile; fileRef = 12C04CD32B617EC800003515 /* Buy.swift */; };
		12C04CD62B617F7100003515 /* BuyVM.swift in Sources */ = {isa = PBXBuildFile; fileRef = 12C04CD52B617F7100003515 /* BuyVM.swift */; };
		12C04CD82B6180F900003515 /* AddBuyViewController.swift in Sources */ = {isa = PBXBuildFile; fileRef = 12C04CD72B6180F900003515 /* AddBuyViewController.swift */; };
		12C04CDA2B61810800003515 /* UpdateBuyViewController.swift in Sources */ = {isa = PBXBuildFile; fileRef = 12C04CD92B61810800003515 /* UpdateBuyViewController.swift */; };
		12C04CDC2B61811D00003515 /* BuyTableViewCell.swift in Sources */ = {isa = PBXBuildFile; fileRef = 12C04CDB2B61811D00003515 /* BuyTableViewCell.swift */; };
		12C04CDE2B61813400003515 /* BuyTableViewController.swift in Sources */ = {isa = PBXBuildFile; fileRef = 12C04CDD2B61813400003515 /* BuyTableViewController.swift */; };
		12CF38062B069B660051F2D5 /* AppDelegate.swift in Sources */ = {isa = PBXBuildFile; fileRef = 12CF38052B069B660051F2D5 /* AppDelegate.swift */; };
		12CF38082B069B660051F2D5 /* SceneDelegate.swift in Sources */ = {isa = PBXBuildFile; fileRef = 12CF38072B069B660051F2D5 /* SceneDelegate.swift */; };
		12CF380A2B069B660051F2D5 /* LoginViewController.swift in Sources */ = {isa = PBXBuildFile; fileRef = 12CF38092B069B660051F2D5 /* LoginViewController.swift */; };
		12CF380D2B069B660051F2D5 /* Main.storyboard in Resources */ = {isa = PBXBuildFile; fileRef = 12CF380B2B069B660051F2D5 /* Main.storyboard */; };
		12CF380F2B069B680051F2D5 /* Assets.xcassets in Resources */ = {isa = PBXBuildFile; fileRef = 12CF380E2B069B680051F2D5 /* Assets.xcassets */; };
		12CF38122B069B680051F2D5 /* LaunchScreen.storyboard in Resources */ = {isa = PBXBuildFile; fileRef = 12CF38102B069B680051F2D5 /* LaunchScreen.storyboard */; };
		12D5F54F2B10C8A200B4F7D9 /* UserVM.swift in Sources */ = {isa = PBXBuildFile; fileRef = 12D5F54E2B10C8A200B4F7D9 /* UserVM.swift */; };
		12E4772D2B4C2368002889F0 /* ProductTableViewController.swift in Sources */ = {isa = PBXBuildFile; fileRef = 12E4772C2B4C2368002889F0 /* ProductTableViewController.swift */; };
		12E477312B4C2422002889F0 /* AddProductViewController.swift in Sources */ = {isa = PBXBuildFile; fileRef = 12E477302B4C2422002889F0 /* AddProductViewController.swift */; };
		12E477332B4C244D002889F0 /* ProductTableViewCell.swift in Sources */ = {isa = PBXBuildFile; fileRef = 12E477322B4C244D002889F0 /* ProductTableViewCell.swift */; };
		12E643652B4DD0C0003FADC3 /* Product.swift in Sources */ = {isa = PBXBuildFile; fileRef = 12E643642B4DD0C0003FADC3 /* Product.swift */; };
		6824B00EFD1E9F669E06D484 /* Pods_Bir_Esnaf.framework in Frameworks */ = {isa = PBXBuildFile; fileRef = 277CE7752B09B8830B96E19F /* Pods_Bir_Esnaf.framework */; };
/* End PBXBuildFile section */

/* Begin PBXFileReference section */
		1204CA622B5EF60000EF2629 /* ProductVM.swift */ = {isa = PBXFileReference; lastKnownFileType = sourcecode.swift; path = ProductVM.swift; sourceTree = "<group>"; };
		1207F5A72B074265008307A4 /* GoogleService-Info.plist */ = {isa = PBXFileReference; fileEncoding = 4; lastKnownFileType = text.plist.xml; path = "GoogleService-Info.plist"; sourceTree = "<group>"; };
		1207F5A92B075306008307A4 /* FirebaseUserListener.swift */ = {isa = PBXFileReference; lastKnownFileType = sourcecode.swift; path = FirebaseUserListener.swift; sourceTree = "<group>"; };
		1207F5AB2B075350008307A4 /* User.swift */ = {isa = PBXFileReference; lastKnownFileType = sourcecode.swift; path = User.swift; sourceTree = "<group>"; };
		1207F5AD2B075377008307A4 /* Constants.swift */ = {isa = PBXFileReference; lastKnownFileType = sourcecode.swift; path = Constants.swift; sourceTree = "<group>"; };
		1207F5AF2B075398008307A4 /* Extensions.swift */ = {isa = PBXFileReference; lastKnownFileType = sourcecode.swift; path = Extensions.swift; sourceTree = "<group>"; };
		1207F5B12B0753DC008307A4 /* FCollectionReference.swift */ = {isa = PBXFileReference; lastKnownFileType = sourcecode.swift; path = FCollectionReference.swift; sourceTree = "<group>"; };
		1207F5B72B07587C008307A4 /* CompanyVM.swift */ = {isa = PBXFileReference; lastKnownFileType = sourcecode.swift; path = CompanyVM.swift; sourceTree = "<group>"; };
		1207F5BA2B078730008307A4 /* CompanyTableViewController.swift */ = {isa = PBXFileReference; lastKnownFileType = sourcecode.swift; path = CompanyTableViewController.swift; sourceTree = "<group>"; };
		1207F5BC2B078754008307A4 /* CompanyTableViewCell.swift */ = {isa = PBXFileReference; lastKnownFileType = sourcecode.swift; path = CompanyTableViewCell.swift; sourceTree = "<group>"; };
		1207F5BF2B07877D008307A4 /* SettingsTableViewController.swift */ = {isa = PBXFileReference; lastKnownFileType = sourcecode.swift; path = SettingsTableViewController.swift; sourceTree = "<group>"; };
		1207F5C52B0790E6008307A4 /* WebService.swift */ = {isa = PBXFileReference; lastKnownFileType = sourcecode.swift; path = WebService.swift; sourceTree = "<group>"; };
		12514A542B56B6D8005406D8 /* AddCompanyViewController.swift */ = {isa = PBXFileReference; lastKnownFileType = sourcecode.swift; path = AddCompanyViewController.swift; sourceTree = "<group>"; };
		12514A562B56B701005406D8 /* AddAddressViewController.swift */ = {isa = PBXFileReference; lastKnownFileType = sourcecode.swift; path = AddAddressViewController.swift; sourceTree = "<group>"; };
		12514A582B56B727005406D8 /* AddBankViewController.swift */ = {isa = PBXFileReference; lastKnownFileType = sourcecode.swift; path = AddBankViewController.swift; sourceTree = "<group>"; };
		12514A5A2B570BA3005406D8 /* CompanyDetailViewController.swift */ = {isa = PBXFileReference; lastKnownFileType = sourcecode.swift; path = CompanyDetailViewController.swift; sourceTree = "<group>"; };
		12514A5C2B570BD4005406D8 /* UpdateCompanyViewController.swift */ = {isa = PBXFileReference; lastKnownFileType = sourcecode.swift; path = UpdateCompanyViewController.swift; sourceTree = "<group>"; };
		12514A5E2B570BF7005406D8 /* UpdateAddressViewController.swift */ = {isa = PBXFileReference; lastKnownFileType = sourcecode.swift; path = UpdateAddressViewController.swift; sourceTree = "<group>"; };
		12514A602B570C03005406D8 /* UpdateBankViewController.swift */ = {isa = PBXFileReference; lastKnownFileType = sourcecode.swift; path = UpdateBankViewController.swift; sourceTree = "<group>"; };
		12514A622B57D3E7005406D8 /* CompanyBank.swift */ = {isa = PBXFileReference; lastKnownFileType = sourcecode.swift; path = CompanyBank.swift; sourceTree = "<group>"; };
		12514A642B57DF20005406D8 /* Province.swift */ = {isa = PBXFileReference; lastKnownFileType = sourcecode.swift; path = Province.swift; sourceTree = "<group>"; };
		12514A662B57DFA1005406D8 /* ProvinceVM.swift */ = {isa = PBXFileReference; lastKnownFileType = sourcecode.swift; path = ProvinceVM.swift; sourceTree = "<group>"; };
		125839E62B5EA36500C33BD2 /* UpdateProductViewController.swift */ = {isa = PBXFileReference; lastKnownFileType = sourcecode.swift; path = UpdateProductViewController.swift; sourceTree = "<group>"; };
		126209772B66DE0900B4C5CA /* Sale.swift */ = {isa = PBXFileReference; lastKnownFileType = sourcecode.swift; path = Sale.swift; sourceTree = "<group>"; };
		126209792B66E0EA00B4C5CA /* SalesTableViewCell.swift */ = {isa = PBXFileReference; lastKnownFileType = sourcecode.swift; path = SalesTableViewCell.swift; sourceTree = "<group>"; };
		1262097B2B66E12B00B4C5CA /* SalesTableViewController.swift */ = {isa = PBXFileReference; lastKnownFileType = sourcecode.swift; path = SalesTableViewController.swift; sourceTree = "<group>"; };
		1262097D2B66E18800B4C5CA /* AddSalesViewController.swift */ = {isa = PBXFileReference; lastKnownFileType = sourcecode.swift; path = AddSalesViewController.swift; sourceTree = "<group>"; };
		1262097F2B66E19B00B4C5CA /* UpdateSalesViewController.swift */ = {isa = PBXFileReference; lastKnownFileType = sourcecode.swift; path = UpdateSalesViewController.swift; sourceTree = "<group>"; };
		129747B22B6B8D0A00C26D37 /* ShoppingViewController.swift */ = {isa = PBXFileReference; lastKnownFileType = sourcecode.swift; path = ShoppingViewController.swift; sourceTree = "<group>"; };
		1298140F2B6784D6000EDF11 /* SaleVM.swift */ = {isa = PBXFileReference; lastKnownFileType = sourcecode.swift; path = SaleVM.swift; sourceTree = "<group>"; };
		12C04CD32B617EC800003515 /* Buy.swift */ = {isa = PBXFileReference; lastKnownFileType = sourcecode.swift; path = Buy.swift; sourceTree = "<group>"; };
		12C04CD52B617F7100003515 /* BuyVM.swift */ = {isa = PBXFileReference; lastKnownFileType = sourcecode.swift; path = BuyVM.swift; sourceTree = "<group>"; };
		12C04CD72B6180F900003515 /* AddBuyViewController.swift */ = {isa = PBXFileReference; lastKnownFileType = sourcecode.swift; path = AddBuyViewController.swift; sourceTree = "<group>"; };
		12C04CD92B61810800003515 /* UpdateBuyViewController.swift */ = {isa = PBXFileReference; lastKnownFileType = sourcecode.swift; path = UpdateBuyViewController.swift; sourceTree = "<group>"; };
		12C04CDB2B61811D00003515 /* BuyTableViewCell.swift */ = {isa = PBXFileReference; lastKnownFileType = sourcecode.swift; path = BuyTableViewCell.swift; sourceTree = "<group>"; };
		12C04CDD2B61813400003515 /* BuyTableViewController.swift */ = {isa = PBXFileReference; lastKnownFileType = sourcecode.swift; path = BuyTableViewController.swift; sourceTree = "<group>"; };
		12C8D74D2B692C4800C20A9C /* tr */ = {isa = PBXFileReference; lastKnownFileType = text.plist.strings; name = tr; path = tr.lproj/Main.strings; sourceTree = "<group>"; };
		12C8D74E2B692C4800C20A9C /* tr */ = {isa = PBXFileReference; lastKnownFileType = text.plist.strings; name = tr; path = tr.lproj/LaunchScreen.strings; sourceTree = "<group>"; };
		12CF38022B069B660051F2D5 /* Bir Esnaf.app */ = {isa = PBXFileReference; explicitFileType = wrapper.application; includeInIndex = 0; path = "Bir Esnaf.app"; sourceTree = BUILT_PRODUCTS_DIR; };
		12CF38052B069B660051F2D5 /* AppDelegate.swift */ = {isa = PBXFileReference; lastKnownFileType = sourcecode.swift; path = AppDelegate.swift; sourceTree = "<group>"; };
		12CF38072B069B660051F2D5 /* SceneDelegate.swift */ = {isa = PBXFileReference; lastKnownFileType = sourcecode.swift; path = SceneDelegate.swift; sourceTree = "<group>"; };
		12CF38092B069B660051F2D5 /* LoginViewController.swift */ = {isa = PBXFileReference; lastKnownFileType = sourcecode.swift; path = LoginViewController.swift; sourceTree = "<group>"; };
		12CF380C2B069B660051F2D5 /* Base */ = {isa = PBXFileReference; lastKnownFileType = file.storyboard; name = Base; path = Base.lproj/Main.storyboard; sourceTree = "<group>"; };
		12CF380E2B069B680051F2D5 /* Assets.xcassets */ = {isa = PBXFileReference; lastKnownFileType = folder.assetcatalog; path = Assets.xcassets; sourceTree = "<group>"; };
		12CF38112B069B680051F2D5 /* Base */ = {isa = PBXFileReference; lastKnownFileType = file.storyboard; name = Base; path = Base.lproj/LaunchScreen.storyboard; sourceTree = "<group>"; };
		12CF38132B069B680051F2D5 /* Info.plist */ = {isa = PBXFileReference; lastKnownFileType = text.plist.xml; path = Info.plist; sourceTree = "<group>"; };
		12D5F54E2B10C8A200B4F7D9 /* UserVM.swift */ = {isa = PBXFileReference; lastKnownFileType = sourcecode.swift; path = UserVM.swift; sourceTree = "<group>"; };
		12E4772C2B4C2368002889F0 /* ProductTableViewController.swift */ = {isa = PBXFileReference; lastKnownFileType = sourcecode.swift; path = ProductTableViewController.swift; sourceTree = "<group>"; };
		12E477302B4C2422002889F0 /* AddProductViewController.swift */ = {isa = PBXFileReference; lastKnownFileType = sourcecode.swift; path = AddProductViewController.swift; sourceTree = "<group>"; };
		12E477322B4C244D002889F0 /* ProductTableViewCell.swift */ = {isa = PBXFileReference; lastKnownFileType = sourcecode.swift; path = ProductTableViewCell.swift; sourceTree = "<group>"; };
		12E643642B4DD0C0003FADC3 /* Product.swift */ = {isa = PBXFileReference; lastKnownFileType = sourcecode.swift; path = Product.swift; sourceTree = "<group>"; };
		1FD3481522FE8132C9F0B803 /* Pods-Bir Esnaf.release.xcconfig */ = {isa = PBXFileReference; includeInIndex = 1; lastKnownFileType = text.xcconfig; name = "Pods-Bir Esnaf.release.xcconfig"; path = "Target Support Files/Pods-Bir Esnaf/Pods-Bir Esnaf.release.xcconfig"; sourceTree = "<group>"; };
		277CE7752B09B8830B96E19F /* Pods_Bir_Esnaf.framework */ = {isa = PBXFileReference; explicitFileType = wrapper.framework; includeInIndex = 0; path = Pods_Bir_Esnaf.framework; sourceTree = BUILT_PRODUCTS_DIR; };
		EFCF94232C1DDBED1B4231A2 /* Pods-Bir Esnaf.debug.xcconfig */ = {isa = PBXFileReference; includeInIndex = 1; lastKnownFileType = text.xcconfig; name = "Pods-Bir Esnaf.debug.xcconfig"; path = "Target Support Files/Pods-Bir Esnaf/Pods-Bir Esnaf.debug.xcconfig"; sourceTree = "<group>"; };
/* End PBXFileReference section */

/* Begin PBXFrameworksBuildPhase section */
		12CF37FF2B069B660051F2D5 /* Frameworks */ = {
			isa = PBXFrameworksBuildPhase;
			buildActionMask = 2147483647;
			files = (
				6824B00EFD1E9F669E06D484 /* Pods_Bir_Esnaf.framework in Frameworks */,
			);
			runOnlyForDeploymentPostprocessing = 0;
		};
/* End PBXFrameworksBuildPhase section */

/* Begin PBXGroup section */
		1207F5B32B075801008307A4 /* View */ = {
			isa = PBXGroup;
			children = (
				12CF38092B069B660051F2D5 /* LoginViewController.swift */,
				1207F5BF2B07877D008307A4 /* SettingsTableViewController.swift */,
				1213B3C32B0D410600E8E0D8 /* CompanyView */,
				125839E52B5EA33100C33BD2 /* ProductView */,
				12C04CDF2B61813C00003515 /* Buy */,
				126209812B66E26500B4C5CA /* Sale */,
				1207F5BE2B078760008307A4 /* Cells */,
				129747B22B6B8D0A00C26D37 /* ShoppingViewController.swift */,
			);
			path = View;
			sourceTree = "<group>";
		};
		1207F5B42B07580C008307A4 /* Model */ = {
			isa = PBXGroup;
			children = (
				1207F5AB2B075350008307A4 /* User.swift */,
				12E643642B4DD0C0003FADC3 /* Product.swift */,
				12514A622B57D3E7005406D8 /* CompanyBank.swift */,
				12514A642B57DF20005406D8 /* Province.swift */,
				12C04CD32B617EC800003515 /* Buy.swift */,
				126209772B66DE0900B4C5CA /* Sale.swift */,
			);
			path = Model;
			sourceTree = "<group>";
		};
		1207F5B52B075818008307A4 /* FirebaseHelpers */ = {
			isa = PBXGroup;
			children = (
				1207F5A92B075306008307A4 /* FirebaseUserListener.swift */,
				1207F5B12B0753DC008307A4 /* FCollectionReference.swift */,
			);
			path = FirebaseHelpers;
			sourceTree = "<group>";
		};
		1207F5B62B075826008307A4 /* Helpers */ = {
			isa = PBXGroup;
			children = (
				1207F5B52B075818008307A4 /* FirebaseHelpers */,
				1207F5AD2B075377008307A4 /* Constants.swift */,
				1207F5C52B0790E6008307A4 /* WebService.swift */,
				1207F5AF2B075398008307A4 /* Extensions.swift */,
			);
			path = Helpers;
			sourceTree = "<group>";
		};
		1207F5B92B075881008307A4 /* ViewModel */ = {
			isa = PBXGroup;
			children = (
				1207F5B72B07587C008307A4 /* CompanyVM.swift */,
				12D5F54E2B10C8A200B4F7D9 /* UserVM.swift */,
				12514A662B57DFA1005406D8 /* ProvinceVM.swift */,
				1204CA622B5EF60000EF2629 /* ProductVM.swift */,
				12C04CD52B617F7100003515 /* BuyVM.swift */,
				1298140F2B6784D6000EDF11 /* SaleVM.swift */,
			);
			path = ViewModel;
			sourceTree = "<group>";
		};
		1207F5BE2B078760008307A4 /* Cells */ = {
			isa = PBXGroup;
			children = (
				12E477322B4C244D002889F0 /* ProductTableViewCell.swift */,
				1207F5BC2B078754008307A4 /* CompanyTableViewCell.swift */,
				12C04CDB2B61811D00003515 /* BuyTableViewCell.swift */,
				126209792B66E0EA00B4C5CA /* SalesTableViewCell.swift */,
			);
			path = Cells;
			sourceTree = "<group>";
		};
		1213B3C32B0D410600E8E0D8 /* CompanyView */ = {
			isa = PBXGroup;
			children = (
				1207F5BA2B078730008307A4 /* CompanyTableViewController.swift */,
				12514A542B56B6D8005406D8 /* AddCompanyViewController.swift */,
				12514A562B56B701005406D8 /* AddAddressViewController.swift */,
				12514A5A2B570BA3005406D8 /* CompanyDetailViewController.swift */,
				12514A5C2B570BD4005406D8 /* UpdateCompanyViewController.swift */,
				12514A5E2B570BF7005406D8 /* UpdateAddressViewController.swift */,
				12AD06392B28E266008674CE /* BankView */,
			);
			path = CompanyView;
			sourceTree = "<group>";
		};
		125839E52B5EA33100C33BD2 /* ProductView */ = {
			isa = PBXGroup;
			children = (
				12E4772C2B4C2368002889F0 /* ProductTableViewController.swift */,
				12E477302B4C2422002889F0 /* AddProductViewController.swift */,
				125839E62B5EA36500C33BD2 /* UpdateProductViewController.swift */,
			);
			path = ProductView;
			sourceTree = "<group>";
		};
		126209812B66E26500B4C5CA /* Sale */ = {
			isa = PBXGroup;
			children = (
				1262097B2B66E12B00B4C5CA /* SalesTableViewController.swift */,
				1262097D2B66E18800B4C5CA /* AddSalesViewController.swift */,
				1262097F2B66E19B00B4C5CA /* UpdateSalesViewController.swift */,
			);
			path = Sale;
			sourceTree = "<group>";
		};
		12AD06392B28E266008674CE /* BankView */ = {
			isa = PBXGroup;
			children = (
				12514A582B56B727005406D8 /* AddBankViewController.swift */,
				12514A602B570C03005406D8 /* UpdateBankViewController.swift */,
			);
			path = BankView;
			sourceTree = "<group>";
		};
		12C04CDF2B61813C00003515 /* Buy */ = {
			isa = PBXGroup;
			children = (
				12C04CDD2B61813400003515 /* BuyTableViewController.swift */,
				12C04CD72B6180F900003515 /* AddBuyViewController.swift */,
				12C04CD92B61810800003515 /* UpdateBuyViewController.swift */,
			);
			path = Buy;
			sourceTree = "<group>";
		};
		12CF37F92B069B660051F2D5 = {
			isa = PBXGroup;
			children = (
				12CF38042B069B660051F2D5 /* Bir Esnaf */,
				12CF38032B069B660051F2D5 /* Products */,
				E32193234D3D4AAF3435E474 /* Pods */,
				4283E03EFD292ADDE8E430F8 /* Frameworks */,
			);
			sourceTree = "<group>";
		};
		12CF38032B069B660051F2D5 /* Products */ = {
			isa = PBXGroup;
			children = (
				12CF38022B069B660051F2D5 /* Bir Esnaf.app */,
			);
			name = Products;
			sourceTree = "<group>";
		};
		12CF38042B069B660051F2D5 /* Bir Esnaf */ = {
			isa = PBXGroup;
			children = (
				12CF38052B069B660051F2D5 /* AppDelegate.swift */,
				12CF38072B069B660051F2D5 /* SceneDelegate.swift */,
				1207F5B42B07580C008307A4 /* Model */,
				1207F5B92B075881008307A4 /* ViewModel */,
				1207F5B32B075801008307A4 /* View */,
				1207F5B62B075826008307A4 /* Helpers */,
				12CF380B2B069B660051F2D5 /* Main.storyboard */,
				12CF380E2B069B680051F2D5 /* Assets.xcassets */,
				12CF38102B069B680051F2D5 /* LaunchScreen.storyboard */,
				12CF38132B069B680051F2D5 /* Info.plist */,
				1207F5A72B074265008307A4 /* GoogleService-Info.plist */,
			);
			path = "Bir Esnaf";
			sourceTree = "<group>";
		};
		4283E03EFD292ADDE8E430F8 /* Frameworks */ = {
			isa = PBXGroup;
			children = (
				277CE7752B09B8830B96E19F /* Pods_Bir_Esnaf.framework */,
			);
			name = Frameworks;
			sourceTree = "<group>";
		};
		E32193234D3D4AAF3435E474 /* Pods */ = {
			isa = PBXGroup;
			children = (
				EFCF94232C1DDBED1B4231A2 /* Pods-Bir Esnaf.debug.xcconfig */,
				1FD3481522FE8132C9F0B803 /* Pods-Bir Esnaf.release.xcconfig */,
			);
			path = Pods;
			sourceTree = "<group>";
		};
/* End PBXGroup section */

/* Begin PBXNativeTarget section */
		12CF38012B069B660051F2D5 /* Bir Esnaf */ = {
			isa = PBXNativeTarget;
			buildConfigurationList = 12CF38162B069B680051F2D5 /* Build configuration list for PBXNativeTarget "Bir Esnaf" */;
			buildPhases = (
				54F7402507A344DF8B9A8F2D /* [CP] Check Pods Manifest.lock */,
				12CF37FE2B069B660051F2D5 /* Sources */,
				12CF37FF2B069B660051F2D5 /* Frameworks */,
				12CF38002B069B660051F2D5 /* Resources */,
				F3D93F29D0A2417125BC5EE0 /* [CP] Embed Pods Frameworks */,
			);
			buildRules = (
			);
			dependencies = (
			);
			name = "Bir Esnaf";
			productName = "Bir Esnaf";
			productReference = 12CF38022B069B660051F2D5 /* Bir Esnaf.app */;
			productType = "com.apple.product-type.application";
		};
/* End PBXNativeTarget section */

/* Begin PBXProject section */
		12CF37FA2B069B660051F2D5 /* Project object */ = {
			isa = PBXProject;
			attributes = {
				BuildIndependentTargetsInParallel = 1;
				LastSwiftUpdateCheck = 1500;
				LastUpgradeCheck = 1500;
				TargetAttributes = {
					12CF38012B069B660051F2D5 = {
						CreatedOnToolsVersion = 15.0;
					};
				};
			};
			buildConfigurationList = 12CF37FD2B069B660051F2D5 /* Build configuration list for PBXProject "Bir Esnaf" */;
			compatibilityVersion = "Xcode 14.0";
			developmentRegion = en;
			hasScannedForEncodings = 0;
			knownRegions = (
				en,
				Base,
				tr,
			);
			mainGroup = 12CF37F92B069B660051F2D5;
			productRefGroup = 12CF38032B069B660051F2D5 /* Products */;
			projectDirPath = "";
			projectRoot = "";
			targets = (
				12CF38012B069B660051F2D5 /* Bir Esnaf */,
			);
		};
/* End PBXProject section */

/* Begin PBXResourcesBuildPhase section */
		12CF38002B069B660051F2D5 /* Resources */ = {
			isa = PBXResourcesBuildPhase;
			buildActionMask = 2147483647;
			files = (
				12CF38122B069B680051F2D5 /* LaunchScreen.storyboard in Resources */,
				1207F5A82B074265008307A4 /* GoogleService-Info.plist in Resources */,
				12CF380F2B069B680051F2D5 /* Assets.xcassets in Resources */,
				12CF380D2B069B660051F2D5 /* Main.storyboard in Resources */,
			);
			runOnlyForDeploymentPostprocessing = 0;
		};
/* End PBXResourcesBuildPhase section */

/* Begin PBXShellScriptBuildPhase section */
		54F7402507A344DF8B9A8F2D /* [CP] Check Pods Manifest.lock */ = {
			isa = PBXShellScriptBuildPhase;
			buildActionMask = 2147483647;
			files = (
			);
			inputFileListPaths = (
			);
			inputPaths = (
				"${PODS_PODFILE_DIR_PATH}/Podfile.lock",
				"${PODS_ROOT}/Manifest.lock",
			);
			name = "[CP] Check Pods Manifest.lock";
			outputFileListPaths = (
			);
			outputPaths = (
				"$(DERIVED_FILE_DIR)/Pods-Bir Esnaf-checkManifestLockResult.txt",
			);
			runOnlyForDeploymentPostprocessing = 0;
			shellPath = /bin/sh;
			shellScript = "diff \"${PODS_PODFILE_DIR_PATH}/Podfile.lock\" \"${PODS_ROOT}/Manifest.lock\" > /dev/null\nif [ $? != 0 ] ; then\n    # print error to STDERR\n    echo \"error: The sandbox is not in sync with the Podfile.lock. Run 'pod install' or update your CocoaPods installation.\" >&2\n    exit 1\nfi\n# This output is used by Xcode 'outputs' to avoid re-running this script phase.\necho \"SUCCESS\" > \"${SCRIPT_OUTPUT_FILE_0}\"\n";
			showEnvVarsInLog = 0;
		};
		F3D93F29D0A2417125BC5EE0 /* [CP] Embed Pods Frameworks */ = {
			isa = PBXShellScriptBuildPhase;
			buildActionMask = 2147483647;
			files = (
			);
			inputFileListPaths = (
				"${PODS_ROOT}/Target Support Files/Pods-Bir Esnaf/Pods-Bir Esnaf-frameworks-${CONFIGURATION}-input-files.xcfilelist",
			);
			name = "[CP] Embed Pods Frameworks";
			outputFileListPaths = (
				"${PODS_ROOT}/Target Support Files/Pods-Bir Esnaf/Pods-Bir Esnaf-frameworks-${CONFIGURATION}-output-files.xcfilelist",
			);
			runOnlyForDeploymentPostprocessing = 0;
			shellPath = /bin/sh;
			shellScript = "\"${PODS_ROOT}/Target Support Files/Pods-Bir Esnaf/Pods-Bir Esnaf-frameworks.sh\"\n";
			showEnvVarsInLog = 0;
		};
/* End PBXShellScriptBuildPhase section */

/* Begin PBXSourcesBuildPhase section */
		12CF37FE2B069B660051F2D5 /* Sources */ = {
			isa = PBXSourcesBuildPhase;
			buildActionMask = 2147483647;
			files = (
				12CF380A2B069B660051F2D5 /* LoginViewController.swift in Sources */,
				12D5F54F2B10C8A200B4F7D9 /* UserVM.swift in Sources */,
				12C04CDE2B61813400003515 /* BuyTableViewController.swift in Sources */,
				12CF38062B069B660051F2D5 /* AppDelegate.swift in Sources */,
				12CF38082B069B660051F2D5 /* SceneDelegate.swift in Sources */,
				1207F5C62B0790E6008307A4 /* WebService.swift in Sources */,
				12514A592B56B727005406D8 /* AddBankViewController.swift in Sources */,
				12C04CDC2B61811D00003515 /* BuyTableViewCell.swift in Sources */,
				1207F5AC2B075350008307A4 /* User.swift in Sources */,
				1262097A2B66E0EA00B4C5CA /* SalesTableViewCell.swift in Sources */,
				12E643652B4DD0C0003FADC3 /* Product.swift in Sources */,
				12514A5F2B570BF7005406D8 /* UpdateAddressViewController.swift in Sources */,
				1207F5BD2B078754008307A4 /* CompanyTableViewCell.swift in Sources */,
				129747B32B6B8D0A00C26D37 /* ShoppingViewController.swift in Sources */,
				1207F5B82B07587C008307A4 /* CompanyVM.swift in Sources */,
				1207F5AA2B075306008307A4 /* FirebaseUserListener.swift in Sources */,
				1262097C2B66E12B00B4C5CA /* SalesTableViewController.swift in Sources */,
				12514A632B57D3E7005406D8 /* CompanyBank.swift in Sources */,
				12514A5B2B570BA3005406D8 /* CompanyDetailViewController.swift in Sources */,
				12C04CDA2B61810800003515 /* UpdateBuyViewController.swift in Sources */,
				12C04CD42B617EC800003515 /* Buy.swift in Sources */,
				1207F5AE2B075377008307A4 /* Constants.swift in Sources */,
				1207F5C02B07877D008307A4 /* SettingsTableViewController.swift in Sources */,
				12514A552B56B6D8005406D8 /* AddCompanyViewController.swift in Sources */,
				1262097E2B66E18800B4C5CA /* AddSalesViewController.swift in Sources */,
				12514A5D2B570BD4005406D8 /* UpdateCompanyViewController.swift in Sources */,
				1204CA632B5EF60000EF2629 /* ProductVM.swift in Sources */,
				126209782B66DE0900B4C5CA /* Sale.swift in Sources */,
				12E477312B4C2422002889F0 /* AddProductViewController.swift in Sources */,
				12514A612B570C03005406D8 /* UpdateBankViewController.swift in Sources */,
				12C04CD82B6180F900003515 /* AddBuyViewController.swift in Sources */,
				12E477332B4C244D002889F0 /* ProductTableViewCell.swift in Sources */,
				12514A572B56B701005406D8 /* AddAddressViewController.swift in Sources */,
				12E4772D2B4C2368002889F0 /* ProductTableViewController.swift in Sources */,
				12C04CD62B617F7100003515 /* BuyVM.swift in Sources */,
				1207F5B22B0753DC008307A4 /* FCollectionReference.swift in Sources */,
				1207F5BB2B078730008307A4 /* CompanyTableViewController.swift in Sources */,
				12514A652B57DF20005406D8 /* Province.swift in Sources */,
				126209802B66E19B00B4C5CA /* UpdateSalesViewController.swift in Sources */,
				125839E72B5EA36500C33BD2 /* UpdateProductViewController.swift in Sources */,
				1207F5B02B075398008307A4 /* Extensions.swift in Sources */,
				12514A672B57DFA1005406D8 /* ProvinceVM.swift in Sources */,
				129814102B6784D6000EDF11 /* SaleVM.swift in Sources */,
			);
			runOnlyForDeploymentPostprocessing = 0;
		};
/* End PBXSourcesBuildPhase section */

/* Begin PBXVariantGroup section */
		12CF380B2B069B660051F2D5 /* Main.storyboard */ = {
			isa = PBXVariantGroup;
			children = (
				12CF380C2B069B660051F2D5 /* Base */,
				12C8D74D2B692C4800C20A9C /* tr */,
			);
			name = Main.storyboard;
			sourceTree = "<group>";
		};
		12CF38102B069B680051F2D5 /* LaunchScreen.storyboard */ = {
			isa = PBXVariantGroup;
			children = (
				12CF38112B069B680051F2D5 /* Base */,
				12C8D74E2B692C4800C20A9C /* tr */,
			);
			name = LaunchScreen.storyboard;
			sourceTree = "<group>";
		};
/* End PBXVariantGroup section */

/* Begin XCBuildConfiguration section */
		12CF38142B069B680051F2D5 /* Debug */ = {
			isa = XCBuildConfiguration;
			buildSettings = {
				ALWAYS_SEARCH_USER_PATHS = NO;
				ASSETCATALOG_COMPILER_GENERATE_SWIFT_ASSET_SYMBOL_EXTENSIONS = YES;
				CLANG_ANALYZER_LOCALIZABILITY_NONLOCALIZED = YES;
				CLANG_ANALYZER_NONNULL = YES;
				CLANG_ANALYZER_NUMBER_OBJECT_CONVERSION = YES_AGGRESSIVE;
				CLANG_CXX_LANGUAGE_STANDARD = "gnu++20";
				CLANG_ENABLE_MODULES = YES;
				CLANG_ENABLE_OBJC_ARC = YES;
				CLANG_ENABLE_OBJC_WEAK = YES;
				CLANG_WARN_BLOCK_CAPTURE_AUTORELEASING = YES;
				CLANG_WARN_BOOL_CONVERSION = YES;
				CLANG_WARN_COMMA = YES;
				CLANG_WARN_CONSTANT_CONVERSION = YES;
				CLANG_WARN_DEPRECATED_OBJC_IMPLEMENTATIONS = YES;
				CLANG_WARN_DIRECT_OBJC_ISA_USAGE = YES_ERROR;
				CLANG_WARN_DOCUMENTATION_COMMENTS = YES;
				CLANG_WARN_EMPTY_BODY = YES;
				CLANG_WARN_ENUM_CONVERSION = YES;
				CLANG_WARN_INFINITE_RECURSION = YES;
				CLANG_WARN_INT_CONVERSION = YES;
				CLANG_WARN_NON_LITERAL_NULL_CONVERSION = YES;
				CLANG_WARN_OBJC_IMPLICIT_RETAIN_SELF = YES;
				CLANG_WARN_OBJC_LITERAL_CONVERSION = YES;
				CLANG_WARN_OBJC_ROOT_CLASS = YES_ERROR;
				CLANG_WARN_QUOTED_INCLUDE_IN_FRAMEWORK_HEADER = YES;
				CLANG_WARN_RANGE_LOOP_ANALYSIS = YES;
				CLANG_WARN_STRICT_PROTOTYPES = YES;
				CLANG_WARN_SUSPICIOUS_MOVE = YES;
				CLANG_WARN_UNGUARDED_AVAILABILITY = YES_AGGRESSIVE;
				CLANG_WARN_UNREACHABLE_CODE = YES;
				CLANG_WARN__DUPLICATE_METHOD_MATCH = YES;
				COPY_PHASE_STRIP = NO;
				DEBUG_INFORMATION_FORMAT = dwarf;
				ENABLE_STRICT_OBJC_MSGSEND = YES;
				ENABLE_TESTABILITY = YES;
				ENABLE_USER_SCRIPT_SANDBOXING = NO;
				GCC_C_LANGUAGE_STANDARD = gnu17;
				GCC_DYNAMIC_NO_PIC = NO;
				GCC_NO_COMMON_BLOCKS = YES;
				GCC_OPTIMIZATION_LEVEL = 0;
				GCC_PREPROCESSOR_DEFINITIONS = (
					"DEBUG=1",
					"$(inherited)",
				);
				GCC_WARN_64_TO_32_BIT_CONVERSION = YES;
				GCC_WARN_ABOUT_RETURN_TYPE = YES_ERROR;
				GCC_WARN_UNDECLARED_SELECTOR = YES;
				GCC_WARN_UNINITIALIZED_AUTOS = YES_AGGRESSIVE;
				GCC_WARN_UNUSED_FUNCTION = YES;
				GCC_WARN_UNUSED_VARIABLE = YES;
				IPHONEOS_DEPLOYMENT_TARGET = 17.0;
				LOCALIZATION_PREFERS_STRING_CATALOGS = YES;
				MTL_ENABLE_DEBUG_INFO = INCLUDE_SOURCE;
				MTL_FAST_MATH = YES;
				ONLY_ACTIVE_ARCH = YES;
				SDKROOT = iphoneos;
				SWIFT_ACTIVE_COMPILATION_CONDITIONS = "DEBUG $(inherited)";
				SWIFT_OPTIMIZATION_LEVEL = "-Onone";
			};
			name = Debug;
		};
		12CF38152B069B680051F2D5 /* Release */ = {
			isa = XCBuildConfiguration;
			buildSettings = {
				ALWAYS_SEARCH_USER_PATHS = NO;
				ASSETCATALOG_COMPILER_GENERATE_SWIFT_ASSET_SYMBOL_EXTENSIONS = YES;
				CLANG_ANALYZER_LOCALIZABILITY_NONLOCALIZED = YES;
				CLANG_ANALYZER_NONNULL = YES;
				CLANG_ANALYZER_NUMBER_OBJECT_CONVERSION = YES_AGGRESSIVE;
				CLANG_CXX_LANGUAGE_STANDARD = "gnu++20";
				CLANG_ENABLE_MODULES = YES;
				CLANG_ENABLE_OBJC_ARC = YES;
				CLANG_ENABLE_OBJC_WEAK = YES;
				CLANG_WARN_BLOCK_CAPTURE_AUTORELEASING = YES;
				CLANG_WARN_BOOL_CONVERSION = YES;
				CLANG_WARN_COMMA = YES;
				CLANG_WARN_CONSTANT_CONVERSION = YES;
				CLANG_WARN_DEPRECATED_OBJC_IMPLEMENTATIONS = YES;
				CLANG_WARN_DIRECT_OBJC_ISA_USAGE = YES_ERROR;
				CLANG_WARN_DOCUMENTATION_COMMENTS = YES;
				CLANG_WARN_EMPTY_BODY = YES;
				CLANG_WARN_ENUM_CONVERSION = YES;
				CLANG_WARN_INFINITE_RECURSION = YES;
				CLANG_WARN_INT_CONVERSION = YES;
				CLANG_WARN_NON_LITERAL_NULL_CONVERSION = YES;
				CLANG_WARN_OBJC_IMPLICIT_RETAIN_SELF = YES;
				CLANG_WARN_OBJC_LITERAL_CONVERSION = YES;
				CLANG_WARN_OBJC_ROOT_CLASS = YES_ERROR;
				CLANG_WARN_QUOTED_INCLUDE_IN_FRAMEWORK_HEADER = YES;
				CLANG_WARN_RANGE_LOOP_ANALYSIS = YES;
				CLANG_WARN_STRICT_PROTOTYPES = YES;
				CLANG_WARN_SUSPICIOUS_MOVE = YES;
				CLANG_WARN_UNGUARDED_AVAILABILITY = YES_AGGRESSIVE;
				CLANG_WARN_UNREACHABLE_CODE = YES;
				CLANG_WARN__DUPLICATE_METHOD_MATCH = YES;
				COPY_PHASE_STRIP = NO;
				DEBUG_INFORMATION_FORMAT = "dwarf-with-dsym";
				ENABLE_NS_ASSERTIONS = NO;
				ENABLE_STRICT_OBJC_MSGSEND = YES;
				ENABLE_USER_SCRIPT_SANDBOXING = NO;
				GCC_C_LANGUAGE_STANDARD = gnu17;
				GCC_NO_COMMON_BLOCKS = YES;
				GCC_WARN_64_TO_32_BIT_CONVERSION = YES;
				GCC_WARN_ABOUT_RETURN_TYPE = YES_ERROR;
				GCC_WARN_UNDECLARED_SELECTOR = YES;
				GCC_WARN_UNINITIALIZED_AUTOS = YES_AGGRESSIVE;
				GCC_WARN_UNUSED_FUNCTION = YES;
				GCC_WARN_UNUSED_VARIABLE = YES;
				IPHONEOS_DEPLOYMENT_TARGET = 17.0;
				LOCALIZATION_PREFERS_STRING_CATALOGS = YES;
				MTL_ENABLE_DEBUG_INFO = NO;
				MTL_FAST_MATH = YES;
				SDKROOT = iphoneos;
				SWIFT_COMPILATION_MODE = wholemodule;
				VALIDATE_PRODUCT = YES;
			};
			name = Release;
		};
		12CF38172B069B680051F2D5 /* Debug */ = {
			isa = XCBuildConfiguration;
			baseConfigurationReference = EFCF94232C1DDBED1B4231A2 /* Pods-Bir Esnaf.debug.xcconfig */;
			buildSettings = {
				ASSETCATALOG_COMPILER_APPICON_NAME = AppIcon;
				ASSETCATALOG_COMPILER_GLOBAL_ACCENT_COLOR_NAME = AccentColor;
				CODE_SIGN_STYLE = Automatic;
				CURRENT_PROJECT_VERSION = 1;
				DEVELOPMENT_TEAM = CG2DGVAM4V;
				GENERATE_INFOPLIST_FILE = YES;
				INFOPLIST_FILE = "Bir Esnaf/Info.plist";
				INFOPLIST_KEY_UIApplicationSupportsIndirectInputEvents = YES;
				INFOPLIST_KEY_UILaunchStoryboardName = LaunchScreen;
				INFOPLIST_KEY_UIMainStoryboardFile = Main;
				INFOPLIST_KEY_UISupportedInterfaceOrientations_iPad = "UIInterfaceOrientationPortrait UIInterfaceOrientationPortraitUpsideDown UIInterfaceOrientationLandscapeLeft UIInterfaceOrientationLandscapeRight";
				INFOPLIST_KEY_UISupportedInterfaceOrientations_iPhone = "UIInterfaceOrientationPortrait UIInterfaceOrientationLandscapeLeft UIInterfaceOrientationLandscapeRight";
				LD_RUNPATH_SEARCH_PATHS = (
					"$(inherited)",
					"@executable_path/Frameworks",
				);
				MARKETING_VERSION = 1.0;
				PRODUCT_BUNDLE_IDENTIFIER = "com.seymarslan.Bir-Esnaf";
				PRODUCT_NAME = "$(TARGET_NAME)";
				SUPPORTED_PLATFORMS = "iphoneos iphonesimulator";
				SUPPORTS_MACCATALYST = NO;
				SUPPORTS_MAC_DESIGNED_FOR_IPHONE_IPAD = NO;
				SWIFT_EMIT_LOC_STRINGS = YES;
				SWIFT_VERSION = 5.0;
				TARGETED_DEVICE_FAMILY = 1;
			};
			name = Debug;
		};
		12CF38182B069B680051F2D5 /* Release */ = {
			isa = XCBuildConfiguration;
			baseConfigurationReference = 1FD3481522FE8132C9F0B803 /* Pods-Bir Esnaf.release.xcconfig */;
			buildSettings = {
				ASSETCATALOG_COMPILER_APPICON_NAME = AppIcon;
				ASSETCATALOG_COMPILER_GLOBAL_ACCENT_COLOR_NAME = AccentColor;
				CODE_SIGN_STYLE = Automatic;
				CURRENT_PROJECT_VERSION = 1;
				DEVELOPMENT_TEAM = CG2DGVAM4V;
				GENERATE_INFOPLIST_FILE = YES;
				INFOPLIST_FILE = "Bir Esnaf/Info.plist";
				INFOPLIST_KEY_UIApplicationSupportsIndirectInputEvents = YES;
				INFOPLIST_KEY_UILaunchStoryboardName = LaunchScreen;
				INFOPLIST_KEY_UIMainStoryboardFile = Main;
				INFOPLIST_KEY_UISupportedInterfaceOrientations_iPad = "UIInterfaceOrientationPortrait UIInterfaceOrientationPortraitUpsideDown UIInterfaceOrientationLandscapeLeft UIInterfaceOrientationLandscapeRight";
				INFOPLIST_KEY_UISupportedInterfaceOrientations_iPhone = "UIInterfaceOrientationPortrait UIInterfaceOrientationLandscapeLeft UIInterfaceOrientationLandscapeRight";
				LD_RUNPATH_SEARCH_PATHS = (
					"$(inherited)",
					"@executable_path/Frameworks",
				);
				MARKETING_VERSION = 1.0;
				PRODUCT_BUNDLE_IDENTIFIER = "com.seymarslan.Bir-Esnaf";
				PRODUCT_NAME = "$(TARGET_NAME)";
				SUPPORTED_PLATFORMS = "iphoneos iphonesimulator";
				SUPPORTS_MACCATALYST = NO;
				SUPPORTS_MAC_DESIGNED_FOR_IPHONE_IPAD = NO;
				SWIFT_EMIT_LOC_STRINGS = YES;
				SWIFT_VERSION = 5.0;
				TARGETED_DEVICE_FAMILY = 1;
			};
			name = Release;
		};
/* End XCBuildConfiguration section */

/* Begin XCConfigurationList section */
		12CF37FD2B069B660051F2D5 /* Build configuration list for PBXProject "Bir Esnaf" */ = {
			isa = XCConfigurationList;
			buildConfigurations = (
				12CF38142B069B680051F2D5 /* Debug */,
				12CF38152B069B680051F2D5 /* Release */,
			);
			defaultConfigurationIsVisible = 0;
			defaultConfigurationName = Release;
		};
		12CF38162B069B680051F2D5 /* Build configuration list for PBXNativeTarget "Bir Esnaf" */ = {
			isa = XCConfigurationList;
			buildConfigurations = (
				12CF38172B069B680051F2D5 /* Debug */,
				12CF38182B069B680051F2D5 /* Release */,
			);
			defaultConfigurationIsVisible = 0;
			defaultConfigurationName = Release;
		};
/* End XCConfigurationList section */
	};
	rootObject = 12CF37FA2B069B660051F2D5 /* Project object */;
}
